
Microsoft Visual Studio Solution File, Format Version 12.00
# Visual Studio 15
VisualStudioVersion = 15.0.28307.421
MinimumVisualStudioVersion = 10.0.40219.1
Project("{FAE04EC0-301F-11D3-BF4B-00C04F79EFBC}") = "Vic.SportsStore.WebApp", "Vic.SportsStore.WebApp\Vic.SportsStore.WebApp.csproj", "{E72099D8-7169-48F2-BCF8-257BA7F215C2}"
EndProject
Project("{FAE04EC0-301F-11D3-BF4B-00C04F79EFBC}") = "Vic.SportsStore.Domain", "Vic.SportsStore.Domain\Vic.SportsStore.Domain.csproj", "{7747A120-14A5-4F62-84DB-2E9490C3323F}"
EndProject
Project("{FAE04EC0-301F-11D3-BF4B-00C04F79EFBC}") = "Vic.SportsStore.UnitTests", "Vic.SportsStore.UnitTests\Vic.SportsStore.UnitTests.csproj", "{BDAF8E1B-D922-4F6A-B2CB-69A6B1A94530}"
EndProject
Project("{FAE04EC0-301F-11D3-BF4B-00C04F79EFBC}") = "Vic.SportsStore.DebugConsole", "Vic.SportsStore.DebugConsole\Vic.SportsStore.DebugConsole.csproj", "{4904F80C-FFBC-4A9C-8A85-BD694A8E9156}"
EndProject
Global
	GlobalSection(SolutionConfigurationPlatforms) = preSolution
		Debug|Any CPU = Debug|Any CPU
		Release|Any CPU = Release|Any CPU
	EndGlobalSection
	GlobalSection(ProjectConfigurationPlatforms) = postSolution
		{E72099D8-7169-48F2-BCF8-257BA7F215C2}.Debug|Any CPU.ActiveCfg = Debug|Any CPU
		{E72099D8-7169-48F2-BCF8-257BA7F215C2}.Debug|Any CPU.Build.0 = Debug|Any CPU
		{E72099D8-7169-48F2-BCF8-257BA7F215C2}.Release|Any CPU.ActiveCfg = Release|Any CPU
		{E72099D8-7169-48F2-BCF8-257BA7F215C2}.Release|Any CPU.Build.0 = Release|Any CPU
		{7747A120-14A5-4F62-84DB-2E9490C3323F}.Debug|Any CPU.ActiveCfg = Debug|Any CPU
		{7747A120-14A5-4F62-84DB-2E9490C3323F}.Debug|Any CPU.Build.0 = Debug|Any CPU
		{7747A120-14A5-4F62-84DB-2E9490C3323F}.Release|Any CPU.ActiveCfg = Release|Any CPU
		{7747A120-14A5-4F62-84DB-2E9490C3323F}.Release|Any CPU.Build.0 = Release|Any CPU
		{BDAF8E1B-D922-4F6A-B2CB-69A6B1A94530}.Debug|Any CPU.ActiveCfg = Debug|Any CPU
		{BDAF8E1B-D922-4F6A-B2CB-69A6B1A94530}.Debug|Any CPU.Build.0 = Debug|Any CPU
		{BDAF8E1B-D922-4F6A-B2CB-69A6B1A94530}.Release|Any CPU.ActiveCfg = Release|Any CPU
		{BDAF8E1B-D922-4F6A-B2CB-69A6B1A94530}.Release|Any CPU.Build.0 = Release|Any CPU
		{4904F80C-FFBC-4A9C-8A85-BD694A8E9156}.Debug|Any CPU.ActiveCfg = Debug|Any CPU
		{4904F80C-FFBC-4A9C-8A85-BD694A8E9156}.Debug|Any CPU.Build.0 = Debug|Any CPU
		{4904F80C-FFBC-4A9C-8A85-BD694A8E9156}.Release|Any CPU.ActiveCfg = Release|Any CPU
		{4904F80C-FFBC-4A9C-8A85-BD694A8E9156}.Release|Any CPU.Build.0 = Release|Any CPU
	EndGlobalSection
	GlobalSection(SolutionProperties) = preSolution
		HideSolutionNode = FALSE
	EndGlobalSection
	GlobalSection(ExtensibilityGlobals) = postSolution
		SolutionGuid = {58A0284E-B0F9-4B1B-A1CC-09C69F5A8E90}
	EndGlobalSection
EndGlobal
